{
  "version": 4,
  "terraform_version": "1.8.3",
  "serial": 7,
  "lineage": "2623adc1-d04b-24c0-a93a-acc82e0f13c9",
  "outputs": {},
  "resources": [
    {
      "module": "module.dynamodb[\"table1\"]",
      "mode": "managed",
      "type": "aws_dynamodb_table",
      "name": "default_cloudwatch_alarms",
      "provider": "provider[\"registry.terraform.io/hashicorp/aws\"]",
      "instances": [
        {
          "schema_version": 1,
          "attributes": {
            "arn": "arn:aws:dynamodb:us-west-2:992382689423:table/default_cloudwatch_alarms_1",
            "attribute": [
              {
                "name": "id",
                "type": "N"
              },
              {
                "name": "name",
                "type": "S"
              }
            ],
            "billing_mode": "PROVISIONED",
            "deletion_protection_enabled": false,
            "global_secondary_index": [],
            "hash_key": "name",
            "id": "default_cloudwatch_alarms_1",
            "import_table": [],
            "local_secondary_index": [],
            "name": "default_cloudwatch_alarms_1",
            "on_demand_throughput": [],
            "point_in_time_recovery": [
              {
                "enabled": false
              }
            ],
            "range_key": "id",
            "read_capacity": 5,
            "replica": [],
            "restore_date_time": null,
            "restore_source_name": null,
            "restore_source_table_arn": null,
            "restore_to_latest_time": null,
            "server_side_encryption": [],
            "stream_arn": "",
            "stream_enabled": false,
            "stream_label": "",
            "stream_view_type": "",
            "table_class": "STANDARD",
            "tags": {
              "Environment": "dev",
              "Terraform": "true"
            },
            "tags_all": {
              "Environment": "dev",
              "Terraform": "true"
            },
            "timeouts": null,
            "ttl": [
              {
                "attribute_name": "",
                "enabled": false
              }
            ],
            "write_capacity": 5
          },
          "sensitive_attributes": [],
          "private": "eyJlMmJmYjczMC1lY2FhLTExZTYtOGY4OC0zNDM2M2JjN2M0YzAiOnsiY3JlYXRlIjoxODAwMDAwMDAwMDAwLCJkZWxldGUiOjYwMDAwMDAwMDAwMCwidXBkYXRlIjozNjAwMDAwMDAwMDAwfSwic2NoZW1hX3ZlcnNpb24iOiIxIn0="
        }
      ]
    },
    {
      "module": "module.dynamodb[\"table1\"]",
      "mode": "managed",
      "type": "aws_dynamodb_table_item",
      "name": "alarm_config_item",
      "provider": "provider[\"registry.terraform.io/hashicorp/aws\"]",
      "instances": [
        {
          "schema_version": 0,
          "attributes": {
            "hash_key": "name",
            "id": "default_cloudwatch_alarms_1|name|default_cloudwatch_alarms_1|1",
            "item": "{\r\n  \"name\": {\"S\": \"default_cloudwatch_alarms_1\"},\r\n  \"id\": {\"N\": \"1\"},\r\n  \"config\": {\"S\": \"{\\\"resources_to_monitor\\\":{\\\"disk\\\":{\\\"appli\\\":{\\\"path\\\":\\\"/appli\\\",\\\"device\\\":\\\"mapper/clipvg-appli\\\",\\\"fstype\\\":\\\"ext4\\\"},\\\"logs\\\":{\\\"path\\\":\\\"/logs\\\",\\\"device\\\":\\\"mapper/clipvg-logslv\\\",\\\"fstype\\\":\\\"ext4\\\"},\\\"softs\\\":{\\\"path\\\":\\\"/softs\\\",\\\"device\\\":\\\"mapper/clipvg-softslv\\\",\\\"fstype\\\":\\\"ext4\\\"},\\\"rootfs\\\":{\\\"path\\\":\\\"/\\\",\\\"device\\\":\\\"nvme0n1p2\\\",\\\"fstype\\\":\\\"xis\\\"}}}}\"},\r\n  \"Data_type\": {\"S\": \"Alarm_config_1\"}\r\n}\r\n",
            "range_key": "id",
            "table_name": "default_cloudwatch_alarms_1"
          },
          "sensitive_attributes": [],
          "private": "bnVsbA==",
          "dependencies": [
            "module.dynamodb.aws_dynamodb_table.default_cloudwatch_alarms"
          ]
        }
      ]
    },
    {
      "module": "module.dynamodb[\"table2\"]",
      "mode": "managed",
      "type": "aws_dynamodb_table",
      "name": "default_cloudwatch_alarms",
      "provider": "provider[\"registry.terraform.io/hashicorp/aws\"]",
      "instances": [
        {
          "schema_version": 1,
          "attributes": {
            "arn": "arn:aws:dynamodb:us-west-2:992382689423:table/default_cloudwatch_alarms_2",
            "attribute": [
              {
                "name": "id",
                "type": "N"
              },
              {
                "name": "name",
                "type": "S"
              }
            ],
            "billing_mode": "PROVISIONED",
            "deletion_protection_enabled": false,
            "global_secondary_index": [],
            "hash_key": "name",
            "id": "default_cloudwatch_alarms_2",
            "import_table": [],
            "local_secondary_index": [],
            "name": "default_cloudwatch_alarms_2",
            "on_demand_throughput": [],
            "point_in_time_recovery": [
              {
                "enabled": false
              }
            ],
            "range_key": "id",
            "read_capacity": 5,
            "replica": [],
            "restore_date_time": null,
            "restore_source_name": null,
            "restore_source_table_arn": null,
            "restore_to_latest_time": null,
            "server_side_encryption": [],
            "stream_arn": "",
            "stream_enabled": false,
            "stream_label": "",
            "stream_view_type": "",
            "table_class": "STANDARD",
            "tags": {
              "Environment": "dev",
              "Terraform": "true"
            },
            "tags_all": {
              "Environment": "dev",
              "Terraform": "true"
            },
            "timeouts": null,
            "ttl": [
              {
                "attribute_name": "",
                "enabled": false
              }
            ],
            "write_capacity": 5
          },
          "sensitive_attributes": [],
          "private": "eyJlMmJmYjczMC1lY2FhLTExZTYtOGY4OC0zNDM2M2JjN2M0YzAiOnsiY3JlYXRlIjoxODAwMDAwMDAwMDAwLCJkZWxldGUiOjYwMDAwMDAwMDAwMCwidXBkYXRlIjozNjAwMDAwMDAwMDAwfSwic2NoZW1hX3ZlcnNpb24iOiIxIn0="
        }
      ]
    },
    {
      "module": "module.dynamodb[\"table2\"]",
      "mode": "managed",
      "type": "aws_dynamodb_table_item",
      "name": "alarm_config_item",
      "provider": "provider[\"registry.terraform.io/hashicorp/aws\"]",
      "instances": [
        {
          "schema_version": 0,
          "attributes": {
            "hash_key": "name",
            "id": "default_cloudwatch_alarms_2|name|default_cloudwatch_alarms_2|2",
            "item": "{\r\n  \"name\": {\"S\": \"default_cloudwatch_alarms_2\"},\r\n  \"id\": {\"N\": \"2\"},\r\n  \"config\": {\"S\": \"{\\\"resources_to_monitor\\\":{\\\"disk\\\":{\\\"appli\\\":{\\\"path\\\":\\\"/appli\\\",\\\"device\\\":\\\"mapper/clipvg-appli\\\",\\\"fstype\\\":\\\"ext4\\\"},\\\"logs\\\":{\\\"path\\\":\\\"/logs\\\",\\\"device\\\":\\\"mapper/clipvg-logslv\\\",\\\"fstype\\\":\\\"ext4\\\"},\\\"softs\\\":{\\\"path\\\":\\\"/softs\\\",\\\"device\\\":\\\"mapper/clipvg-softslv\\\",\\\"fstype\\\":\\\"ext4\\\"},\\\"rootfs\\\":{\\\"path\\\":\\\"/\\\",\\\"device\\\":\\\"nvme0n1p2\\\",\\\"fstype\\\":\\\"xis\\\"}}}}\"},\r\n  \"Data_type\": {\"S\": \"Alarm_config_2\"}\r\n}\r\n",
            "range_key": "id",
            "table_name": "default_cloudwatch_alarms_2"
          },
          "sensitive_attributes": [],
          "private": "bnVsbA==",
          "dependencies": [
            "module.dynamodb.aws_dynamodb_table.default_cloudwatch_alarms"
          ]
        }
      ]
    },
    {
      "module": "module.dynamodb[\"table3\"]",
      "mode": "managed",
      "type": "aws_dynamodb_table",
      "name": "default_cloudwatch_alarms",
      "provider": "provider[\"registry.terraform.io/hashicorp/aws\"]",
      "instances": [
        {
          "schema_version": 1,
          "attributes": {
            "arn": "arn:aws:dynamodb:us-west-2:992382689423:table/default_cloudwatch_alarms_3",
            "attribute": [
              {
                "name": "id",
                "type": "N"
              },
              {
                "name": "name",
                "type": "S"
              }
            ],
            "billing_mode": "PROVISIONED",
            "deletion_protection_enabled": false,
            "global_secondary_index": [],
            "hash_key": "name",
            "id": "default_cloudwatch_alarms_3",
            "import_table": [],
            "local_secondary_index": [],
            "name": "default_cloudwatch_alarms_3",
            "on_demand_throughput": [],
            "point_in_time_recovery": [
              {
                "enabled": false
              }
            ],
            "range_key": "id",
            "read_capacity": 5,
            "replica": [],
            "restore_date_time": null,
            "restore_source_name": null,
            "restore_source_table_arn": null,
            "restore_to_latest_time": null,
            "server_side_encryption": [],
            "stream_arn": "",
            "stream_enabled": false,
            "stream_label": "",
            "stream_view_type": "",
            "table_class": "STANDARD",
            "tags": {
              "Environment": "dev",
              "Terraform": "true"
            },
            "tags_all": {
              "Environment": "dev",
              "Terraform": "true"
            },
            "timeouts": null,
            "ttl": [
              {
                "attribute_name": "",
                "enabled": false
              }
            ],
            "write_capacity": 5
          },
          "sensitive_attributes": [],
          "private": "eyJlMmJmYjczMC1lY2FhLTExZTYtOGY4OC0zNDM2M2JjN2M0YzAiOnsiY3JlYXRlIjoxODAwMDAwMDAwMDAwLCJkZWxldGUiOjYwMDAwMDAwMDAwMCwidXBkYXRlIjozNjAwMDAwMDAwMDAwfSwic2NoZW1hX3ZlcnNpb24iOiIxIn0="
        }
      ]
    },
    {
      "module": "module.dynamodb[\"table3\"]",
      "mode": "managed",
      "type": "aws_dynamodb_table_item",
      "name": "alarm_config_item",
      "provider": "provider[\"registry.terraform.io/hashicorp/aws\"]",
      "instances": [
        {
          "schema_version": 0,
          "attributes": {
            "hash_key": "name",
            "id": "default_cloudwatch_alarms_3|name|default_cloudwatch_alarms_3|3",
            "item": "{\r\n  \"name\": {\"S\": \"default_cloudwatch_alarms_3\"},\r\n  \"id\": {\"N\": \"3\"},\r\n  \"config\": {\"S\": \"{\\\"resources_to_monitor\\\":{\\\"disk\\\":{\\\"appli\\\":{\\\"path\\\":\\\"/appli\\\",\\\"device\\\":\\\"mapper/clipvg-appli\\\",\\\"fstype\\\":\\\"ext4\\\"},\\\"logs\\\":{\\\"path\\\":\\\"/logs\\\",\\\"device\\\":\\\"mapper/clipvg-logslv\\\",\\\"fstype\\\":\\\"ext4\\\"},\\\"softs\\\":{\\\"path\\\":\\\"/softs\\\",\\\"device\\\":\\\"mapper/clipvg-softslv\\\",\\\"fstype\\\":\\\"ext4\\\"},\\\"rootfs\\\":{\\\"path\\\":\\\"/\\\",\\\"device\\\":\\\"nvme0n1p2\\\",\\\"fstype\\\":\\\"xis\\\"}}}}\"},\r\n  \"Data_type\": {\"S\": \"Alarm_config_3\"}\r\n}\r\n",
            "range_key": "id",
            "table_name": "default_cloudwatch_alarms_3"
          },
          "sensitive_attributes": [],
          "private": "bnVsbA==",
          "dependencies": [
            "module.dynamodb.aws_dynamodb_table.default_cloudwatch_alarms"
          ]
        }
      ]
    }
  ],
  "check_results": null
}
