{
  "version": 4,
  "terraform_version": "1.7.3",
  "serial": 1,
  "lineage": "9483c50e-c735-9eab-3355-731083096b87",
  "outputs": {},
  "resources": [
    {
      "mode": "managed",
      "type": "local_file",
      "name": "demov1",
      "provider": "provider[\"registry.terraform.io/hashicorp/local\"]",
      "instances": [
        {
          "schema_version": 0,
          "attributes": {
            "content": "This is a demo text",
            "content_base64": null,
            "content_base64sha256": "aNYLcOQL00HoDDhY/zUrrVE7m3hGQjKjXBI0mKa4ck4=",
            "content_base64sha512": "oBo97mpN/foNrGK8Uh07ZE88FLglizm8rBDx/5iSclYfpEapToQNc7kxF1oQB/+rHwEOuFm3LeqxfmMPGbR3Bg==",
            "content_md5": "44cfcd422eabaa2b522bf94be839a35c",
            "content_sha1": "c101683df882271acaa8c22fb1217524a5e94be2",
            "content_sha256": "68d60b70e40bd341e80c3858ff352bad513b9b78464232a35c123498a6b8724e",
            "content_sha512": "a01a3dee6a4dfdfa0dac62bc521d3b644f3c14b8258b39bcac10f1ff989272561fa446a94e840d73b931175a1007ffab1f010eb859b72deab17e630f19b47706",
            "directory_permission": "0777",
            "file_permission": "0777",
            "filename": "/home/soumen/study/terraform/terraform_basic/v1/demo.txt",
            "id": "c101683df882271acaa8c22fb1217524a5e94be2",
            "sensitive_content": null,
            "source": null
          },
          "sensitive_attributes": []
        }
      ]
    }
  ],
  "check_results": null
}
