{
  "version": 4,
  "terraform_version": "1.7.3",
  "serial": 19,
  "lineage": "26ca0555-a471-e6d9-ead9-77ca88fe4d05",
  "outputs": {
    "content": {
      "value": "My favorite pet is ",
      "type": "string"
    },
    "pet-name": {
      "value": "Mrs.pig",
      "type": "string"
    }
  },
  "resources": [
    {
      "mode": "managed",
      "type": "local_file",
      "name": "pet",
      "provider": "provider[\"registry.terraform.io/hashicorp/local\"]",
      "instances": [
        {
          "index_key": "/home/soumen/study/terraform/terraform_basic/practice/p2/cats.txt",
          "schema_version": 0,
          "attributes": {
            "content": "My favorite pet is  Mrs.pig",
            "content_base64": null,
            "content_base64sha256": "cmhAKi7S4H9A+c+pNnb9rNmqt33v/Ga3lLP5msmdRts=",
            "content_base64sha512": "Tu7CJDhWKeVU1qTCP12g5CGhZFgk2Krf2zw3ygfSB48ShgkuFDHzb+5LF/Yi77Bl9t1xg9UR+o0LQPoeRsgPzg==",
            "content_md5": "1766530d9e299d038dfb878a642c220e",
            "content_sha1": "c7eebf808348afba36ddb0eabacbe88a26068cad",
            "content_sha256": "7268402a2ed2e07f40f9cfa93676fdacd9aab77deffc66b794b3f99ac99d46db",
            "content_sha512": "4eeec224385629e554d6a4c23f5da0e421a1645824d8aadfdb3c37ca07d2078f1286092e1431f36fee4b17f622efb065f6dd7183d511fa8d0b40fa1e46c80fce",
            "directory_permission": "0777",
            "file_permission": "0700",
            "filename": "/home/soumen/study/terraform/terraform_basic/practice/p2/cats.txt",
            "id": "c7eebf808348afba36ddb0eabacbe88a26068cad",
            "sensitive_content": null,
            "source": null
          },
          "sensitive_attributes": [],
          "dependencies": [
            "random_pet.my-pet"
          ],
          "create_before_destroy": true
        },
        {
          "index_key": "/home/soumen/study/terraform/terraform_basic/practice/p2/dogs.txt",
          "schema_version": 0,
          "attributes": {
            "content": "My favorite pet is  Mrs.pig",
            "content_base64": null,
            "content_base64sha256": "cmhAKi7S4H9A+c+pNnb9rNmqt33v/Ga3lLP5msmdRts=",
            "content_base64sha512": "Tu7CJDhWKeVU1qTCP12g5CGhZFgk2Krf2zw3ygfSB48ShgkuFDHzb+5LF/Yi77Bl9t1xg9UR+o0LQPoeRsgPzg==",
            "content_md5": "1766530d9e299d038dfb878a642c220e",
            "content_sha1": "c7eebf808348afba36ddb0eabacbe88a26068cad",
            "content_sha256": "7268402a2ed2e07f40f9cfa93676fdacd9aab77deffc66b794b3f99ac99d46db",
            "content_sha512": "4eeec224385629e554d6a4c23f5da0e421a1645824d8aadfdb3c37ca07d2078f1286092e1431f36fee4b17f622efb065f6dd7183d511fa8d0b40fa1e46c80fce",
            "directory_permission": "0777",
            "file_permission": "0700",
            "filename": "/home/soumen/study/terraform/terraform_basic/practice/p2/dogs.txt",
            "id": "c7eebf808348afba36ddb0eabacbe88a26068cad",
            "sensitive_content": null,
            "source": null
          },
          "sensitive_attributes": [],
          "dependencies": [
            "random_pet.my-pet"
          ],
          "create_before_destroy": true
        }
      ]
    },
    {
      "mode": "managed",
      "type": "random_pet",
      "name": "my-pet",
      "provider": "provider[\"registry.terraform.io/hashicorp/random\"]",
      "instances": [
        {
          "schema_version": 0,
          "attributes": {
            "id": "Mrs.pig",
            "keepers": null,
            "length": 1,
            "prefix": "Mrs",
            "separator": "."
          },
          "sensitive_attributes": [],
          "create_before_destroy": true
        }
      ]
    }
  ],
  "check_results": null
}
