{
  "version": 4,
  "terraform_version": "1.8.3",
  "serial": 23,
  "lineage": "08928590-8f35-0828-b3b7-9a4139a566e8",
  "outputs": {
    "cloudwatch_alarm_arn": {
      "value": "arn:aws:cloudwatch:us-east-1:992382689423:alarm:asg-cpu-alarm",
      "type": "string"
    },
    "eventbridge_rule_arn": {
      "value": "arn:aws:events:us-east-1:992382689423:rule/asg-event-rule",
      "type": "string"
    },
    "lambda_function_arn": {
      "value": "arn:aws:lambda:us-east-1:992382689423:function:my_lambda_function",
      "type": "string"
    }
  },
  "resources": [
    {
      "module": "module.cloudwatch_alarm",
      "mode": "managed",
      "type": "aws_cloudwatch_metric_alarm",
      "name": "asg_alarm",
      "provider": "provider[\"registry.terraform.io/hashicorp/aws\"]",
      "instances": [
        {
          "schema_version": 1,
          "attributes": {
            "actions_enabled": true,
            "alarm_actions": [
              "arn:aws:sns:us-east-1:992382689423:my-sns-topic"
            ],
            "alarm_description": "",
            "alarm_name": "asg-cpu-alarm",
            "arn": "arn:aws:cloudwatch:us-east-1:992382689423:alarm:asg-cpu-alarm",
            "comparison_operator": "GreaterThanThreshold",
            "datapoints_to_alarm": 0,
            "dimensions": {
              "AutoScalingGroupName": "terraform-20250224011317372800000001"
            },
            "evaluate_low_sample_count_percentiles": "",
            "evaluation_periods": 2,
            "extended_statistic": "",
            "id": "asg-cpu-alarm",
            "insufficient_data_actions": null,
            "metric_name": "CPUUtilization",
            "metric_query": [],
            "namespace": "AWS/EC2",
            "ok_actions": null,
            "period": 300,
            "statistic": "Average",
            "tags": null,
            "tags_all": {},
            "threshold": 80,
            "threshold_metric_id": "",
            "treat_missing_data": "missing",
            "unit": ""
          },
          "sensitive_attributes": [],
          "private": "eyJzY2hlbWFfdmVyc2lvbiI6IjEifQ=="
        }
      ]
    },
    {
      "module": "module.eventbridge",
      "mode": "managed",
      "type": "aws_cloudwatch_event_rule",
      "name": "asg_event_rule",
      "provider": "provider[\"registry.terraform.io/hashicorp/aws\"]",
      "instances": [
        {
          "schema_version": 1,
          "attributes": {
            "arn": "arn:aws:events:us-east-1:992382689423:rule/asg-event-rule",
            "description": "Trigger on ASG events",
            "event_bus_name": "default",
            "event_pattern": "{\"detail-type\":[\"EC2 Instance Launch Successful\",\"EC2 Instance Terminate Successful\"],\"resources\":[\"arn:aws:autoscaling:us-east-1:992382689423:autoScalingGroup:facccc3c-3034-4bc1-9cbc-177b9445ff64:autoScalingGroupName/terraform-20250224011317372800000001\"],\"source\":[\"aws.autoscaling\"]}",
            "force_destroy": false,
            "id": "asg-event-rule",
            "is_enabled": true,
            "name": "asg-event-rule",
            "name_prefix": "",
            "role_arn": "",
            "schedule_expression": "",
            "state": "ENABLED",
            "tags": null,
            "tags_all": {}
          },
          "sensitive_attributes": [],
          "private": "eyJzY2hlbWFfdmVyc2lvbiI6IjEifQ=="
        }
      ]
    },
    {
      "module": "module.eventbridge",
      "mode": "managed",
      "type": "aws_cloudwatch_event_target",
      "name": "lambda_target",
      "provider": "provider[\"registry.terraform.io/hashicorp/aws\"]",
      "instances": [
        {
          "schema_version": 1,
          "attributes": {
            "appsync_target": [],
            "arn": "arn:aws:lambda:us-east-1:992382689423:function:my_lambda_function",
            "batch_target": [],
            "dead_letter_config": [],
            "ecs_target": [],
            "event_bus_name": "default",
            "force_destroy": false,
            "http_target": [],
            "id": "asg-event-rule-LambdaTarget",
            "input": "",
            "input_path": "",
            "input_transformer": [],
            "kinesis_target": [],
            "redshift_target": [],
            "retry_policy": [],
            "role_arn": "",
            "rule": "asg-event-rule",
            "run_command_targets": [],
            "sagemaker_pipeline_target": [],
            "sqs_target": [],
            "target_id": "LambdaTarget"
          },
          "sensitive_attributes": [],
          "private": "eyJzY2hlbWFfdmVyc2lvbiI6IjEifQ==",
          "dependencies": [
            "module.eventbridge.aws_cloudwatch_event_rule.asg_event_rule",
            "module.lambda.aws_iam_role.lambda_exec_role",
            "module.lambda.aws_iam_role_policy_attachment.lambda_basic_execution",
            "module.lambda.aws_lambda_function.asg_lambda",
            "module.lambda.data.archive_file.lambda_zip"
          ]
        }
      ]
    },
    {
      "module": "module.lambda",
      "mode": "data",
      "type": "archive_file",
      "name": "lambda_zip",
      "provider": "provider[\"registry.terraform.io/hashicorp/archive\"]",
      "instances": [
        {
          "schema_version": 0,
          "attributes": {
            "exclude_symlink_directories": null,
            "excludes": null,
            "id": "28436ee721ded06f06ee690c07fab144608779ed",
            "output_base64sha256": "jBpGchgfCAatOyjenJuHfpfKmrWi0tfphXYd7RBqfR4=",
            "output_base64sha512": "6aKrDpUQf9FUiuFjiae0fzBPRIk/W6kYZsPiJ8U7WkJGKD5xqXWz9KP7elTCW+Rko2iAfcHkMHjftGCX/kGNQg==",
            "output_file_mode": null,
            "output_md5": "9956b2a1e26a08e126fd0653c7444419",
            "output_path": "modules/lambda/../../python/hello-python.zip",
            "output_sha": "28436ee721ded06f06ee690c07fab144608779ed",
            "output_sha256": "8c1a4672181f0806ad3b28de9c9b877e97ca9ab5a2d2d7e985761ded106a7d1e",
            "output_sha512": "e9a2ab0e95107fd1548ae16389a7b47f304f44893f5ba91866c3e227c53b5a4246283e71a975b3f4a3fb7a54c25be464a368807dc1e43078dfb46097fe418d42",
            "output_size": 708,
            "source": [],
            "source_content": null,
            "source_content_filename": null,
            "source_dir": "modules/lambda/../../python/",
            "source_file": null,
            "type": "zip"
          },
          "sensitive_attributes": []
        }
      ]
    },
    {
      "module": "module.lambda",
      "mode": "managed",
      "type": "aws_iam_role",
      "name": "lambda_exec_role",
      "provider": "provider[\"registry.terraform.io/hashicorp/aws\"]",
      "instances": [
        {
          "schema_version": 0,
          "attributes": {
            "arn": "arn:aws:iam::992382689423:role/my_lambda_function_exec_role",
            "assume_role_policy": "{\"Statement\":[{\"Action\":\"sts:AssumeRole\",\"Effect\":\"Allow\",\"Principal\":{\"Service\":\"lambda.amazonaws.com\"}}],\"Version\":\"2012-10-17\"}",
            "create_date": "2025-02-24T02:34:40Z",
            "description": "",
            "force_detach_policies": false,
            "id": "my_lambda_function_exec_role",
            "inline_policy": [],
            "managed_policy_arns": [],
            "max_session_duration": 3600,
            "name": "my_lambda_function_exec_role",
            "name_prefix": "",
            "path": "/",
            "permissions_boundary": "",
            "tags": null,
            "tags_all": {},
            "unique_id": "AROA6ODU6ECHXLXZD4RYL"
          },
          "sensitive_attributes": [],
          "private": "bnVsbA=="
        }
      ]
    },
    {
      "module": "module.lambda",
      "mode": "managed",
      "type": "aws_iam_role_policy_attachment",
      "name": "lambda_basic_execution",
      "provider": "provider[\"registry.terraform.io/hashicorp/aws\"]",
      "instances": [
        {
          "schema_version": 0,
          "attributes": {
            "id": "my_lambda_function_exec_role-20250224023441311500000001",
            "policy_arn": "arn:aws:iam::aws:policy/service-role/AWSLambdaBasicExecutionRole",
            "role": "my_lambda_function_exec_role"
          },
          "sensitive_attributes": [],
          "private": "bnVsbA==",
          "dependencies": [
            "module.lambda.aws_iam_role.lambda_exec_role"
          ]
        }
      ]
    },
    {
      "module": "module.lambda",
      "mode": "managed",
      "type": "aws_lambda_function",
      "name": "asg_lambda",
      "provider": "provider[\"registry.terraform.io/hashicorp/aws\"]",
      "instances": [
        {
          "schema_version": 0,
          "attributes": {
            "architectures": [
              "x86_64"
            ],
            "arn": "arn:aws:lambda:us-east-1:992382689423:function:my_lambda_function",
            "code_sha256": "jBpGchgfCAatOyjenJuHfpfKmrWi0tfphXYd7RBqfR4=",
            "code_signing_config_arn": "",
            "dead_letter_config": [],
            "description": "",
            "environment": [
              {
                "variables": {
                  "ENV": "production"
                }
              }
            ],
            "ephemeral_storage": [
              {
                "size": 512
              }
            ],
            "file_system_config": [],
            "filename": "modules/lambda/../../python/hello-python.zip",
            "function_name": "my_lambda_function",
            "handler": "hello-python.lambda_handler",
            "id": "my_lambda_function",
            "image_config": [],
            "image_uri": "",
            "invoke_arn": "arn:aws:apigateway:us-east-1:lambda:path/2015-03-31/functions/arn:aws:lambda:us-east-1:992382689423:function:my_lambda_function/invocations",
            "kms_key_arn": "",
            "last_modified": "2025-02-24T02:34:47.162+0000",
            "layers": null,
            "logging_config": [
              {
                "application_log_level": "",
                "log_format": "Text",
                "log_group": "/aws/lambda/my_lambda_function",
                "system_log_level": ""
              }
            ],
            "memory_size": 128,
            "package_type": "Zip",
            "publish": false,
            "qualified_arn": "arn:aws:lambda:us-east-1:992382689423:function:my_lambda_function:$LATEST",
            "qualified_invoke_arn": "arn:aws:apigateway:us-east-1:lambda:path/2015-03-31/functions/arn:aws:lambda:us-east-1:992382689423:function:my_lambda_function:$LATEST/invocations",
            "replace_security_groups_on_destroy": null,
            "replacement_security_group_ids": null,
            "reserved_concurrent_executions": -1,
            "role": "arn:aws:iam::992382689423:role/my_lambda_function_exec_role",
            "runtime": "python3.8",
            "s3_bucket": null,
            "s3_key": null,
            "s3_object_version": null,
            "signing_job_arn": "",
            "signing_profile_version_arn": "",
            "skip_destroy": false,
            "snap_start": [],
            "source_code_hash": "jBpGchgfCAatOyjenJuHfpfKmrWi0tfphXYd7RBqfR4=",
            "source_code_size": 708,
            "tags": null,
            "tags_all": {},
            "timeout": 3,
            "timeouts": null,
            "tracing_config": [
              {
                "mode": "PassThrough"
              }
            ],
            "version": "$LATEST",
            "vpc_config": []
          },
          "sensitive_attributes": [],
          "private": "eyJlMmJmYjczMC1lY2FhLTExZTYtOGY4OC0zNDM2M2JjN2M0YzAiOnsiY3JlYXRlIjo2MDAwMDAwMDAwMDAsImRlbGV0ZSI6NjAwMDAwMDAwMDAwLCJ1cGRhdGUiOjYwMDAwMDAwMDAwMH19",
          "dependencies": [
            "module.lambda.aws_iam_role.lambda_exec_role",
            "module.lambda.aws_iam_role_policy_attachment.lambda_basic_execution",
            "module.lambda.data.archive_file.lambda_zip"
          ]
        }
      ]
    },
    {
      "module": "module.lambda",
      "mode": "managed",
      "type": "aws_lambda_permission",
      "name": "allow_eventbridge",
      "provider": "provider[\"registry.terraform.io/hashicorp/aws\"]",
      "instances": [
        {
          "schema_version": 0,
          "attributes": {
            "action": "lambda:InvokeFunction",
            "event_source_token": null,
            "function_name": "my_lambda_function",
            "function_url_auth_type": null,
            "id": "AllowExecutionFromEventBridge",
            "principal": "events.amazonaws.com",
            "principal_org_id": null,
            "qualifier": "",
            "source_account": null,
            "source_arn": "arn:aws:events:us-east-1:992382689423:rule/asg-event-rule",
            "statement_id": "AllowExecutionFromEventBridge",
            "statement_id_prefix": ""
          },
          "sensitive_attributes": [],
          "private": "bnVsbA==",
          "dependencies": [
            "module.eventbridge.aws_cloudwatch_event_rule.asg_event_rule",
            "module.lambda.aws_iam_role.lambda_exec_role",
            "module.lambda.aws_iam_role_policy_attachment.lambda_basic_execution",
            "module.lambda.aws_lambda_function.asg_lambda",
            "module.lambda.data.archive_file.lambda_zip"
          ]
        }
      ]
    }
  ],
  "check_results": null
}
