{
  "version": 4,
  "terraform_version": "1.7.3",
  "serial": 34,
  "lineage": "accc531f-2714-f081-f60c-480a50fea726",
  "outputs": {
    "mongo_container_name": {
      "value": "mongo",
      "type": "string"
    },
    "mongo_express_container_name": {
      "value": "mongo-express",
      "type": "string"
    },
    "mongo_express_url": {
      "value": "http://localhost:8081",
      "type": "string"
    }
  },
  "resources": [
    {
      "mode": "managed",
      "type": "docker_container",
      "name": "mongo",
      "provider": "provider[\"registry.terraform.io/kreuzwerker/docker\"]",
      "instances": [
        {
          "schema_version": 2,
          "attributes": {
            "attach": false,
            "bridge": "",
            "capabilities": [],
            "command": [
              "mongod"
            ],
            "container_logs": null,
            "cpu_set": "",
            "cpu_shares": 0,
            "destroy_grace_seconds": 30,
            "devices": [],
            "dns": null,
            "dns_opts": null,
            "dns_search": null,
            "domainname": "",
            "entrypoint": [
              "docker-entrypoint.sh"
            ],
            "env": [
              "MONGO_INITDB_DATABASE=project",
              "MONGO_INITDB_ROOT_PASSWORD=devroot",
              "MONGO_INITDB_ROOT_USERNAME=devroot"
            ],
            "exit_code": null,
            "gateway": "172.20.0.1",
            "gpus": null,
            "group_add": null,
            "healthcheck": null,
            "host": [],
            "hostname": "66cb37737965",
            "id": "66cb37737965db17ba90d737bf2ffad992a7c6cbb50ee7cd4f5e5761228b662d",
            "image": "sha256:b8df2163f9aa384163ea74e076f8cf562f8d291189dbdecc79036e546e1a989c",
            "init": false,
            "ip_address": "172.20.0.3",
            "ip_prefix_length": 16,
            "ipc_mode": "private",
            "labels": [],
            "links": null,
            "log_driver": "json-file",
            "log_opts": null,
            "logs": false,
            "max_retry_count": 0,
            "memory": 256,
            "memory_swap": 512,
            "mounts": [],
            "must_run": true,
            "name": "mongo",
            "network_alias": null,
            "network_data": [
              {
                "gateway": "172.20.0.1",
                "global_ipv6_address": "",
                "global_ipv6_prefix_length": 0,
                "ip_address": "172.20.0.3",
                "ip_prefix_length": 16,
                "ipv6_gateway": "",
                "network_name": "mongo-network"
              }
            ],
            "network_mode": "default",
            "networks": null,
            "networks_advanced": [
              {
                "aliases": [
                  "mongo"
                ],
                "ipv4_address": "",
                "ipv6_address": "",
                "name": "mongo-network"
              }
            ],
            "pid_mode": "",
            "ports": [
              {
                "external": 27017,
                "internal": 27017,
                "ip": "0.0.0.0",
                "protocol": "tcp"
              }
            ],
            "privileged": false,
            "publish_all_ports": false,
            "read_only": false,
            "remove_volumes": true,
            "restart": "unless-stopped",
            "rm": false,
            "runtime": "runc",
            "security_opts": [],
            "shm_size": 64,
            "start": true,
            "stdin_open": false,
            "stop_signal": "",
            "stop_timeout": 0,
            "storage_opts": null,
            "sysctls": null,
            "tmpfs": null,
            "tty": false,
            "ulimit": [],
            "upload": [],
            "user": "",
            "userns_mode": "",
            "volumes": [
              {
                "container_path": "/data/db",
                "from_container": "",
                "host_path": "/data/db",
                "read_only": null,
                "volume_name": ""
              }
            ],
            "working_dir": ""
          },
          "sensitive_attributes": [],
          "private": "eyJzY2hlbWFfdmVyc2lvbiI6IjIifQ==",
          "dependencies": [
            "docker_image.mongo",
            "docker_network.mongo-network"
          ]
        }
      ]
    },
    {
      "mode": "managed",
      "type": "docker_container",
      "name": "mongo-express",
      "provider": "provider[\"registry.terraform.io/kreuzwerker/docker\"]",
      "instances": [
        {
          "schema_version": 2,
          "attributes": {
            "attach": false,
            "bridge": "",
            "capabilities": [],
            "command": [
              "mongo-express"
            ],
            "container_logs": null,
            "cpu_set": "",
            "cpu_shares": 0,
            "destroy_grace_seconds": 30,
            "devices": [],
            "dns": null,
            "dns_opts": null,
            "dns_search": null,
            "domainname": "",
            "entrypoint": [
              "/sbin/tini",
              "--",
              "/docker-entrypoint.sh"
            ],
            "env": [
              "ME_CONFIG_BASICAUTH_PASSWORD=dev",
              "ME_CONFIG_BASICAUTH_USERNAME=dev",
              "ME_CONFIG_MONGODB_AUTH_DATABASE=admin",
              "ME_CONFIG_MONGODB_AUTH_PASSWORD=devroot",
              "ME_CONFIG_MONGODB_AUTH_USERNAME=devroot",
              "ME_CONFIG_MONGODB_ENABLE_ADMIN=false",
              "ME_CONFIG_MONGODB_PORT=27017",
              "ME_CONFIG_MONGODB_PORT=8081",
              "ME_CONFIG_MONGODB_SERVER=mongo"
            ],
            "exit_code": null,
            "gateway": "172.20.0.1",
            "gpus": null,
            "group_add": null,
            "healthcheck": null,
            "host": [],
            "hostname": "343e0ae641e1",
            "id": "343e0ae641e12ff229ec8407fe9a963d456d28699047c1e0e8a956bba85e9bb9",
            "image": "sha256:d9d94991117041cf76fdcc7fa9853be7fcd82335568aff2d4f3481ef24f3acdd",
            "init": false,
            "ip_address": "172.20.0.2",
            "ip_prefix_length": 16,
            "ipc_mode": "private",
            "labels": [],
            "links": null,
            "log_driver": "json-file",
            "log_opts": null,
            "logs": false,
            "max_retry_count": 0,
            "memory": 256,
            "memory_swap": 512,
            "mounts": [],
            "must_run": true,
            "name": "mongo-express",
            "network_alias": null,
            "network_data": [
              {
                "gateway": "172.20.0.1",
                "global_ipv6_address": "",
                "global_ipv6_prefix_length": 0,
                "ip_address": "172.20.0.2",
                "ip_prefix_length": 16,
                "ipv6_gateway": "",
                "network_name": "mongo-network"
              }
            ],
            "network_mode": "default",
            "networks": null,
            "networks_advanced": [
              {
                "aliases": [
                  "mongo-express"
                ],
                "ipv4_address": "",
                "ipv6_address": "",
                "name": "mongo-network"
              }
            ],
            "pid_mode": "",
            "ports": [
              {
                "external": 8081,
                "internal": 8081,
                "ip": "0.0.0.0",
                "protocol": "tcp"
              }
            ],
            "privileged": false,
            "publish_all_ports": false,
            "read_only": false,
            "remove_volumes": true,
            "restart": "unless-stopped",
            "rm": false,
            "runtime": "runc",
            "security_opts": [],
            "shm_size": 64,
            "start": true,
            "stdin_open": false,
            "stop_signal": "",
            "stop_timeout": 0,
            "storage_opts": null,
            "sysctls": null,
            "tmpfs": null,
            "tty": false,
            "ulimit": [],
            "upload": [],
            "user": "",
            "userns_mode": "",
            "volumes": [],
            "working_dir": "/app"
          },
          "sensitive_attributes": [],
          "private": "eyJzY2hlbWFfdmVyc2lvbiI6IjIifQ==",
          "dependencies": [
            "docker_image.mongo-express",
            "docker_network.mongo-network"
          ]
        }
      ]
    },
    {
      "mode": "managed",
      "type": "docker_image",
      "name": "mongo",
      "provider": "provider[\"registry.terraform.io/kreuzwerker/docker\"]",
      "instances": [
        {
          "schema_version": 0,
          "attributes": {
            "build": [],
            "force_remove": null,
            "id": "sha256:b8df2163f9aa384163ea74e076f8cf562f8d291189dbdecc79036e546e1a989cmongo:latest",
            "image_id": "sha256:b8df2163f9aa384163ea74e076f8cf562f8d291189dbdecc79036e546e1a989c",
            "keep_locally": null,
            "latest": "sha256:b8df2163f9aa384163ea74e076f8cf562f8d291189dbdecc79036e546e1a989c",
            "name": "mongo:latest",
            "output": null,
            "pull_trigger": null,
            "pull_triggers": null,
            "repo_digest": "mongo@sha256:5a54d0323fe207d15dc48773a7b9e7e519f83ad94a19c2ddac201d7aae109eb1",
            "triggers": null
          },
          "sensitive_attributes": [],
          "private": "bnVsbA=="
        }
      ]
    },
    {
      "mode": "managed",
      "type": "docker_image",
      "name": "mongo-express",
      "provider": "provider[\"registry.terraform.io/kreuzwerker/docker\"]",
      "instances": [
        {
          "schema_version": 0,
          "attributes": {
            "build": [],
            "force_remove": null,
            "id": "sha256:d9d94991117041cf76fdcc7fa9853be7fcd82335568aff2d4f3481ef24f3acddmongo-express:latest",
            "image_id": "sha256:d9d94991117041cf76fdcc7fa9853be7fcd82335568aff2d4f3481ef24f3acdd",
            "keep_locally": null,
            "latest": "sha256:d9d94991117041cf76fdcc7fa9853be7fcd82335568aff2d4f3481ef24f3acdd",
            "name": "mongo-express:latest",
            "output": null,
            "pull_trigger": null,
            "pull_triggers": null,
            "repo_digest": "mongo-express@sha256:c650cb03efdc9793b6f685b8ee30791850faffdd48deefbee07b3367cf64abde",
            "triggers": null
          },
          "sensitive_attributes": [],
          "private": "bnVsbA=="
        }
      ]
    },
    {
      "mode": "managed",
      "type": "docker_network",
      "name": "mongo-network",
      "provider": "provider[\"registry.terraform.io/kreuzwerker/docker\"]",
      "instances": [
        {
          "schema_version": 1,
          "attributes": {
            "attachable": false,
            "check_duplicate": null,
            "driver": "bridge",
            "id": "f91695bd64cd3889a702cf6de88782609afce9eb089e5ba7a6cb9dfd52ac2983",
            "ingress": false,
            "internal": false,
            "ipam_config": [
              {
                "aux_address": {},
                "gateway": "172.20.0.1",
                "ip_range": "",
                "subnet": "172.20.0.0/16"
              }
            ],
            "ipam_driver": "default",
            "ipv6": false,
            "labels": [],
            "name": "mongo-network",
            "options": {},
            "scope": "local"
          },
          "sensitive_attributes": [],
          "private": "eyJzY2hlbWFfdmVyc2lvbiI6IjEifQ=="
        }
      ]
    }
  ],
  "check_results": null
}
